PODS:
  - BBGroover (0.1.0)
  - ObjectAL-for-iPhone (2.6.0)

DEPENDENCIES:
  - BBGroover
  - ObjectAL-for-iPhone

SPEC CHECKSUMS:
  BBGroover: 845a43539e7bd3b6fd523d63e90090d2c2f8fb5f
  ObjectAL-for-iPhone: 939215eb4b83c30ffe6dd9a637c47d1610db4e40

PODFILE CHECKSUM: 4888da17ef834e60d183489f584f44f7c6aaf03c

COCOAPODS: 1.1.1
