// !$*UTF8*$!
{
	archiveVersion = 1;
	classes = {
	};
	objectVersion = 46;
	objects = {

/* Begin PBXBuildFile section */
		0309E8E41AA330350072AC08 /* TimerView.m in Sources */ = {isa = PBXBuildFile; fileRef = 0309E8E31AA330350072AC08 /* TimerView.m */; };
		030A8D161AA4516A00107112 /* AppIcon.appiconset in Resources */ = {isa = PBXBuildFile; fileRef = 030A8D0C1AA4516A00107112 /* AppIcon.appiconset */; };
		030A8D171AA4516A00107112 /* Icon-60.png in Resources */ = {isa = PBXBuildFile; fileRef = 030A8D0D1AA4516A00107112 /* Icon-60.png */; };
		030A8D181AA4516A00107112 /* Icon-72.png in Resources */ = {isa = PBXBuildFile; fileRef = 030A8D0E1AA4516A00107112 /* Icon-72.png */; };
		030A8D191AA4516A00107112 /* Icon-72@2x.png in Resources */ = {isa = PBXBuildFile; fileRef = 030A8D0F1AA4516A00107112 /* Icon-72@2x.png */; };
		030A8D1A1AA4516A00107112 /* Icon-Small-50.png in Resources */ = {isa = PBXBuildFile; fileRef = 030A8D101AA4516A00107112 /* Icon-Small-50.png */; };
		030A8D1B1AA4516A00107112 /* Icon-Small-50@2x.png in Resources */ = {isa = PBXBuildFile; fileRef = 030A8D111AA4516A00107112 /* Icon-Small-50@2x.png */; };
		030A8D1C1AA4516A00107112 /* Icon.png in Resources */ = {isa = PBXBuildFile; fileRef = 030A8D121AA4516A00107112 /* Icon.png */; };
		030A8D1D1AA4516A00107112 /* Icon@2x.png in Resources */ = {isa = PBXBuildFile; fileRef = 030A8D131AA4516A00107112 /* Icon@2x.png */; };
		030A8D1E1AA4516A00107112 /* iTunesArtwork.png in Resources */ = {isa = PBXBuildFile; fileRef = 030A8D141AA4516A00107112 /* iTunesArtwork.png */; };
		030A8D1F1AA4516A00107112 /* iTunesArtwork@2x.png in Resources */ = {isa = PBXBuildFile; fileRef = 030A8D151AA4516A00107112 /* iTunesArtwork@2x.png */; };
		0327D72B1ED567CF00A639C7 /* Clap 1.wav in Resources */ = {isa = PBXBuildFile; fileRef = 0327D7201ED567CF00A639C7 /* Clap 1.wav */; };
		0327D72C1ED567CF00A639C7 /* Hi Hat 1.wav in Resources */ = {isa = PBXBuildFile; fileRef = 0327D7211ED567CF00A639C7 /* Hi Hat 1.wav */; };
		0327D72D1ED567CF00A639C7 /* Hi Hat 2.wav in Resources */ = {isa = PBXBuildFile; fileRef = 0327D7221ED567CF00A639C7 /* Hi Hat 2.wav */; };
		0327D72E1ED567CF00A639C7 /* Kick 1.wav in Resources */ = {isa = PBXBuildFile; fileRef = 0327D7231ED567CF00A639C7 /* Kick 1.wav */; };
		0327D72F1ED567CF00A639C7 /* Kick 2.wav in Resources */ = {isa = PBXBuildFile; fileRef = 0327D7241ED567CF00A639C7 /* Kick 2.wav */; };
		0327D7301ED567CF00A639C7 /* Kick 3.wav in Resources */ = {isa = PBXBuildFile; fileRef = 0327D7251ED567CF00A639C7 /* Kick 3.wav */; };
		0327D7311ED567CF00A639C7 /* Kick 4.wav in Resources */ = {isa = PBXBuildFile; fileRef = 0327D7261ED567CF00A639C7 /* Kick 4.wav */; };
		0327D7321ED567CF00A639C7 /* Open Hat 1.wav in Resources */ = {isa = PBXBuildFile; fileRef = 0327D7271ED567CF00A639C7 /* Open Hat 1.wav */; };
		0327D7331ED567CF00A639C7 /* Snap 1.wav in Resources */ = {isa = PBXBuildFile; fileRef = 0327D7281ED567CF00A639C7 /* Snap 1.wav */; };
		0327D7341ED567CF00A639C7 /* Snare 1.wav in Resources */ = {isa = PBXBuildFile; fileRef = 0327D7291ED567CF00A639C7 /* Snare 1.wav */; };
		0327D7351ED567CF00A639C7 /* Snare 2.wav in Resources */ = {isa = PBXBuildFile; fileRef = 0327D72A1ED567CF00A639C7 /* Snare 2.wav */; };
		03410E171ABCD28B00216DEB /* Images.xcassets in Resources */ = {isa = PBXBuildFile; fileRef = 03410E161ABCD28B00216DEB /* Images.xcassets */; };
		03874A631AA32B6900B4D50E /* GridView.m in Sources */ = {isa = PBXBuildFile; fileRef = 03874A621AA32B6900B4D50E /* GridView.m */; };
		03DE75A61AA04F4400E11176 /* main.m in Sources */ = {isa = PBXBuildFile; fileRef = 03DE75A51AA04F4400E11176 /* main.m */; };
		03DE75A91AA04F4400E11176 /* AppDelegate.m in Sources */ = {isa = PBXBuildFile; fileRef = 03DE75A81AA04F4400E11176 /* AppDelegate.m */; };
		03DE75AC1AA04F4400E11176 /* ViewController.m in Sources */ = {isa = PBXBuildFile; fileRef = 03DE75AB1AA04F4400E11176 /* ViewController.m */; };
		03DE75AF1AA04F4400E11176 /* Main.storyboard in Resources */ = {isa = PBXBuildFile; fileRef = 03DE75AD1AA04F4400E11176 /* Main.storyboard */; };
		03DE75B41AA04F4400E11176 /* LaunchScreen.xib in Resources */ = {isa = PBXBuildFile; fileRef = 03DE75B21AA04F4400E11176 /* LaunchScreen.xib */; };
		03F0A2AC1ED9607300897DBD /* Hi Hat 3.wav in Resources */ = {isa = PBXBuildFile; fileRef = 03F0A2A31ED9607300897DBD /* Hi Hat 3.wav */; };
		03F0A2AD1ED9607300897DBD /* Rim 1.wav in Resources */ = {isa = PBXBuildFile; fileRef = 03F0A2A41ED9607300897DBD /* Rim 1.wav */; };
		03F0A2AE1ED9607300897DBD /* Rim 2.wav in Resources */ = {isa = PBXBuildFile; fileRef = 03F0A2A51ED9607300897DBD /* Rim 2.wav */; };
		03F0A2AF1ED9607300897DBD /* Rim 3.wav in Resources */ = {isa = PBXBuildFile; fileRef = 03F0A2A61ED9607300897DBD /* Rim 3.wav */; };
		03F0A2B01ED9607300897DBD /* Shaker 1.wav in Resources */ = {isa = PBXBuildFile; fileRef = 03F0A2A71ED9607300897DBD /* Shaker 1.wav */; };
		03F0A2B11ED9607300897DBD /* Shaker 2.wav in Resources */ = {isa = PBXBuildFile; fileRef = 03F0A2A81ED9607300897DBD /* Shaker 2.wav */; };
		03F0A2B21ED9607300897DBD /* Snap 2.wav in Resources */ = {isa = PBXBuildFile; fileRef = 03F0A2A91ED9607300897DBD /* Snap 2.wav */; };
		03F0A2B31ED9607300897DBD /* Triangle 1.wav in Resources */ = {isa = PBXBuildFile; fileRef = 03F0A2AA1ED9607300897DBD /* Triangle 1.wav */; };
		03F0A2B41ED9607300897DBD /* Vox 1.wav in Resources */ = {isa = PBXBuildFile; fileRef = 03F0A2AB1ED9607300897DBD /* Vox 1.wav */; };
		850191F3C1551DE269A2370C /* libPods-Audio Sequencer.a in Frameworks */ = {isa = PBXBuildFile; fileRef = D505B354CDBC6B93D8F590B7 /* libPods-Audio Sequencer.a */; };
/* End PBXBuildFile section */

/* Begin PBXFileReference section */
		0309E8E21AA330340072AC08 /* TimerView.h */ = {isa = PBXFileReference; fileEncoding = 4; lastKnownFileType = sourcecode.c.h; path = TimerView.h; sourceTree = "<group>"; };
		0309E8E31AA330350072AC08 /* TimerView.m */ = {isa = PBXFileReference; fileEncoding = 4; lastKnownFileType = sourcecode.c.objc; path = TimerView.m; sourceTree = "<group>"; };
		030A8D0C1AA4516A00107112 /* AppIcon.appiconset */ = {isa = PBXFileReference; lastKnownFileType = folder; name = AppIcon.appiconset; path = Icons/AppIcon.appiconset; sourceTree = SOURCE_ROOT; };
		030A8D0D1AA4516A00107112 /* Icon-60.png */ = {isa = PBXFileReference; lastKnownFileType = image.png; name = "Icon-60.png"; path = "Icons/Icon-60.png"; sourceTree = SOURCE_ROOT; };
		030A8D0E1AA4516A00107112 /* Icon-72.png */ = {isa = PBXFileReference; lastKnownFileType = image.png; name = "Icon-72.png"; path = "Icons/Icon-72.png"; sourceTree = SOURCE_ROOT; };
		030A8D0F1AA4516A00107112 /* Icon-72@2x.png */ = {isa = PBXFileReference; lastKnownFileType = image.png; name = "Icon-72@2x.png"; path = "Icons/Icon-72@2x.png"; sourceTree = SOURCE_ROOT; };
		030A8D101AA4516A00107112 /* Icon-Small-50.png */ = {isa = PBXFileReference; lastKnownFileType = image.png; name = "Icon-Small-50.png"; path = "Icons/Icon-Small-50.png"; sourceTree = SOURCE_ROOT; };
		030A8D111AA4516A00107112 /* Icon-Small-50@2x.png */ = {isa = PBXFileReference; lastKnownFileType = image.png; name = "Icon-Small-50@2x.png"; path = "Icons/Icon-Small-50@2x.png"; sourceTree = SOURCE_ROOT; };
		030A8D121AA4516A00107112 /* Icon.png */ = {isa = PBXFileReference; lastKnownFileType = image.png; name = Icon.png; path = Icons/Icon.png; sourceTree = SOURCE_ROOT; };
		030A8D131AA4516A00107112 /* Icon@2x.png */ = {isa = PBXFileReference; lastKnownFileType = image.png; name = "Icon@2x.png"; path = "Icons/Icon@2x.png"; sourceTree = SOURCE_ROOT; };
		030A8D141AA4516A00107112 /* iTunesArtwork.png */ = {isa = PBXFileReference; lastKnownFileType = image.png; name = iTunesArtwork.png; path = Icons/iTunesArtwork.png; sourceTree = SOURCE_ROOT; };
		030A8D151AA4516A00107112 /* iTunesArtwork@2x.png */ = {isa = PBXFileReference; lastKnownFileType = image.png; name = "iTunesArtwork@2x.png"; path = "Icons/iTunesArtwork@2x.png"; sourceTree = SOURCE_ROOT; };
		0327D7201ED567CF00A639C7 /* Clap 1.wav */ = {isa = PBXFileReference; lastKnownFileType = audio.wav; name = "Clap 1.wav"; path = "Sounds/Clap 1.wav"; sourceTree = SOURCE_ROOT; };
		0327D7211ED567CF00A639C7 /* Hi Hat 1.wav */ = {isa = PBXFileReference; lastKnownFileType = audio.wav; name = "Hi Hat 1.wav"; path = "Sounds/Hi Hat 1.wav"; sourceTree = SOURCE_ROOT; };
		0327D7221ED567CF00A639C7 /* Hi Hat 2.wav */ = {isa = PBXFileReference; lastKnownFileType = audio.wav; name = "Hi Hat 2.wav"; path = "Sounds/Hi Hat 2.wav"; sourceTree = SOURCE_ROOT; };
		0327D7231ED567CF00A639C7 /* Kick 1.wav */ = {isa = PBXFileReference; lastKnownFileType = audio.wav; name = "Kick 1.wav"; path = "Sounds/Kick 1.wav"; sourceTree = SOURCE_ROOT; };
		0327D7241ED567CF00A639C7 /* Kick 2.wav */ = {isa = PBXFileReference; lastKnownFileType = audio.wav; name = "Kick 2.wav"; path = "Sounds/Kick 2.wav"; sourceTree = SOURCE_ROOT; };
		0327D7251ED567CF00A639C7 /* Kick 3.wav */ = {isa = PBXFileReference; lastKnownFileType = audio.wav; name = "Kick 3.wav"; path = "Sounds/Kick 3.wav"; sourceTree = SOURCE_ROOT; };
		0327D7261ED567CF00A639C7 /* Kick 4.wav */ = {isa = PBXFileReference; lastKnownFileType = audio.wav; name = "Kick 4.wav"; path = "Sounds/Kick 4.wav"; sourceTree = SOURCE_ROOT; };
		0327D7271ED567CF00A639C7 /* Open Hat 1.wav */ = {isa = PBXFileReference; lastKnownFileType = audio.wav; name = "Open Hat 1.wav"; path = "Sounds/Open Hat 1.wav"; sourceTree = SOURCE_ROOT; };
		0327D7281ED567CF00A639C7 /* Snap 1.wav */ = {isa = PBXFileReference; lastKnownFileType = audio.wav; name = "Snap 1.wav"; path = "Sounds/Snap 1.wav"; sourceTree = SOURCE_ROOT; };
		0327D7291ED567CF00A639C7 /* Snare 1.wav */ = {isa = PBXFileReference; lastKnownFileType = audio.wav; name = "Snare 1.wav"; path = "Sounds/Snare 1.wav"; sourceTree = SOURCE_ROOT; };
		0327D72A1ED567CF00A639C7 /* Snare 2.wav */ = {isa = PBXFileReference; lastKnownFileType = audio.wav; name = "Snare 2.wav"; path = "Sounds/Snare 2.wav"; sourceTree = SOURCE_ROOT; };
		03410E161ABCD28B00216DEB /* Images.xcassets */ = {isa = PBXFileReference; lastKnownFileType = folder.assetcatalog; path = Images.xcassets; sourceTree = "<group>"; };
		03874A611AA32B6900B4D50E /* GridView.h */ = {isa = PBXFileReference; fileEncoding = 4; lastKnownFileType = sourcecode.c.h; name = GridView.h; path = ../GridView.h; sourceTree = "<group>"; };
		03874A621AA32B6900B4D50E /* GridView.m */ = {isa = PBXFileReference; fileEncoding = 4; lastKnownFileType = sourcecode.c.objc; name = GridView.m; path = ../GridView.m; sourceTree = "<group>"; };
		03DE75A01AA04F4400E11176 /* Audio Fuego.app */ = {isa = PBXFileReference; explicitFileType = wrapper.application; includeInIndex = 0; path = "Audio Fuego.app"; sourceTree = BUILT_PRODUCTS_DIR; };
		03DE75A41AA04F4400E11176 /* Info.plist */ = {isa = PBXFileReference; lastKnownFileType = text.plist.xml; path = Info.plist; sourceTree = "<group>"; };
		03DE75A51AA04F4400E11176 /* main.m */ = {isa = PBXFileReference; lastKnownFileType = sourcecode.c.objc; path = main.m; sourceTree = "<group>"; };
		03DE75A71AA04F4400E11176 /* AppDelegate.h */ = {isa = PBXFileReference; lastKnownFileType = sourcecode.c.h; path = AppDelegate.h; sourceTree = "<group>"; };
		03DE75A81AA04F4400E11176 /* AppDelegate.m */ = {isa = PBXFileReference; lastKnownFileType = sourcecode.c.objc; path = AppDelegate.m; sourceTree = "<group>"; };
		03DE75AA1AA04F4400E11176 /* ViewController.h */ = {isa = PBXFileReference; lastKnownFileType = sourcecode.c.h; path = ViewController.h; sourceTree = "<group>"; };
		03DE75AB1AA04F4400E11176 /* ViewController.m */ = {isa = PBXFileReference; lastKnownFileType = sourcecode.c.objc; path = ViewController.m; sourceTree = "<group>"; };
		03DE75AE1AA04F4400E11176 /* Base */ = {isa = PBXFileReference; lastKnownFileType = file.storyboard; name = Base; path = Base.lproj/Main.storyboard; sourceTree = "<group>"; };
		03DE75B31AA04F4400E11176 /* Base */ = {isa = PBXFileReference; lastKnownFileType = file.xib; name = Base; path = Base.lproj/LaunchScreen.xib; sourceTree = "<group>"; };
		03DE75BE1AA04F4400E11176 /* Info.plist */ = {isa = PBXFileReference; lastKnownFileType = text.plist.xml; path = Info.plist; sourceTree = "<group>"; };
		03DE75BF1AA04F4400E11176 /* Audio_SequencerTests.m */ = {isa = PBXFileReference; lastKnownFileType = sourcecode.c.objc; path = Audio_SequencerTests.m; sourceTree = "<group>"; };
		03F0A2A31ED9607300897DBD /* Hi Hat 3.wav */ = {isa = PBXFileReference; lastKnownFileType = audio.wav; name = "Hi Hat 3.wav"; path = "Sounds/Hi Hat 3.wav"; sourceTree = SOURCE_ROOT; };
		03F0A2A41ED9607300897DBD /* Rim 1.wav */ = {isa = PBXFileReference; lastKnownFileType = audio.wav; name = "Rim 1.wav"; path = "Sounds/Rim 1.wav"; sourceTree = SOURCE_ROOT; };
		03F0A2A51ED9607300897DBD /* Rim 2.wav */ = {isa = PBXFileReference; lastKnownFileType = audio.wav; name = "Rim 2.wav"; path = "Sounds/Rim 2.wav"; sourceTree = SOURCE_ROOT; };
		03F0A2A61ED9607300897DBD /* Rim 3.wav */ = {isa = PBXFileReference; lastKnownFileType = audio.wav; name = "Rim 3.wav"; path = "Sounds/Rim 3.wav"; sourceTree = SOURCE_ROOT; };
		03F0A2A71ED9607300897DBD /* Shaker 1.wav */ = {isa = PBXFileReference; lastKnownFileType = audio.wav; name = "Shaker 1.wav"; path = "Sounds/Shaker 1.wav"; sourceTree = SOURCE_ROOT; };
		03F0A2A81ED9607300897DBD /* Shaker 2.wav */ = {isa = PBXFileReference; lastKnownFileType = audio.wav; name = "Shaker 2.wav"; path = "Sounds/Shaker 2.wav"; sourceTree = SOURCE_ROOT; };
		03F0A2A91ED9607300897DBD /* Snap 2.wav */ = {isa = PBXFileReference; lastKnownFileType = audio.wav; name = "Snap 2.wav"; path = "Sounds/Snap 2.wav"; sourceTree = SOURCE_ROOT; };
		03F0A2AA1ED9607300897DBD /* Triangle 1.wav */ = {isa = PBXFileReference; lastKnownFileType = audio.wav; name = "Triangle 1.wav"; path = "Sounds/Triangle 1.wav"; sourceTree = SOURCE_ROOT; };
		03F0A2AB1ED9607300897DBD /* Vox 1.wav */ = {isa = PBXFileReference; lastKnownFileType = audio.wav; name = "Vox 1.wav"; path = "Sounds/Vox 1.wav"; sourceTree = SOURCE_ROOT; };
		06F7CF0570439D00BED43784 /* Pods-Audio SequencerTests.debug.xcconfig */ = {isa = PBXFileReference; includeInIndex = 1; lastKnownFileType = text.xcconfig; name = "Pods-Audio SequencerTests.debug.xcconfig"; path = "Pods/Target Support Files/Pods-Audio SequencerTests/Pods-Audio SequencerTests.debug.xcconfig"; sourceTree = "<group>"; };
		4CB2EB52ADA5DCBD70780484 /* Pods-Audio Sequencer.debug.xcconfig */ = {isa = PBXFileReference; includeInIndex = 1; lastKnownFileType = text.xcconfig; name = "Pods-Audio Sequencer.debug.xcconfig"; path = "Pods/Target Support Files/Pods-Audio Sequencer/Pods-Audio Sequencer.debug.xcconfig"; sourceTree = "<group>"; };
		6F13FDD79E3EE351648ED035 /* libPods-Audio SequencerTests.a */ = {isa = PBXFileReference; explicitFileType = archive.ar; includeInIndex = 0; path = "libPods-Audio SequencerTests.a"; sourceTree = BUILT_PRODUCTS_DIR; };
		9A36F9A7BD44B5D17EECBD1C /* Pods-Audio SequencerTests.release.xcconfig */ = {isa = PBXFileReference; includeInIndex = 1; lastKnownFileType = text.xcconfig; name = "Pods-Audio SequencerTests.release.xcconfig"; path = "Pods/Target Support Files/Pods-Audio SequencerTests/Pods-Audio SequencerTests.release.xcconfig"; sourceTree = "<group>"; };
		D505B354CDBC6B93D8F590B7 /* libPods-Audio Sequencer.a */ = {isa = PBXFileReference; explicitFileType = archive.ar; includeInIndex = 0; path = "libPods-Audio Sequencer.a"; sourceTree = BUILT_PRODUCTS_DIR; };
		E38F3CBB533B55EFB8A4BEBC /* Pods-Audio Sequencer.release.xcconfig */ = {isa = PBXFileReference; includeInIndex = 1; lastKnownFileType = text.xcconfig; name = "Pods-Audio Sequencer.release.xcconfig"; path = "Pods/Target Support Files/Pods-Audio Sequencer/Pods-Audio Sequencer.release.xcconfig"; sourceTree = "<group>"; };
/* End PBXFileReference section */

/* Begin PBXFrameworksBuildPhase section */
		03DE759D1AA04F4400E11176 /* Frameworks */ = {
			isa = PBXFrameworksBuildPhase;
			buildActionMask = 2147483647;
			files = (
				850191F3C1551DE269A2370C /* libPods-Audio Sequencer.a in Frameworks */,
			);
			runOnlyForDeploymentPostprocessing = 0;
		};
/* End PBXFrameworksBuildPhase section */

/* Begin PBXGroup section */
		0327D7361ED567D500A639C7 /* Sounds */ = {
			isa = PBXGroup;
			children = (
				03F0A2A41ED9607300897DBD /* Rim 1.wav */,
				03F0A2A51ED9607300897DBD /* Rim 2.wav */,
				03F0A2A61ED9607300897DBD /* Rim 3.wav */,
				03F0A2A71ED9607300897DBD /* Shaker 1.wav */,
				03F0A2A81ED9607300897DBD /* Shaker 2.wav */,
				03F0A2AA1ED9607300897DBD /* Triangle 1.wav */,
				03F0A2AB1ED9607300897DBD /* Vox 1.wav */,
				0327D7201ED567CF00A639C7 /* Clap 1.wav */,
				0327D7211ED567CF00A639C7 /* Hi Hat 1.wav */,
				0327D7221ED567CF00A639C7 /* Hi Hat 2.wav */,
				03F0A2A31ED9607300897DBD /* Hi Hat 3.wav */,
				0327D7271ED567CF00A639C7 /* Open Hat 1.wav */,
				0327D7231ED567CF00A639C7 /* Kick 1.wav */,
				0327D7241ED567CF00A639C7 /* Kick 2.wav */,
				0327D7251ED567CF00A639C7 /* Kick 3.wav */,
				0327D7261ED567CF00A639C7 /* Kick 4.wav */,
				0327D7281ED567CF00A639C7 /* Snap 1.wav */,
				03F0A2A91ED9607300897DBD /* Snap 2.wav */,
				0327D7291ED567CF00A639C7 /* Snare 1.wav */,
				0327D72A1ED567CF00A639C7 /* Snare 2.wav */,
			);
			name = Sounds;
			sourceTree = "<group>";
		};
		03DE75971AA04F4400E11176 = {
			isa = PBXGroup;
			children = (
				03DE75A21AA04F4400E11176 /* Audio Sequencer */,
				03DE75BC1AA04F4400E11176 /* Audio SequencerTests */,
				03DE75A11AA04F4400E11176 /* Products */,
				3F3EC25D4BB0E9DD0585D7F1 /* Pods */,
				9DB6546A4579A9BA5859881A /* Frameworks */,
			);
			sourceTree = "<group>";
		};
		03DE75A11AA04F4400E11176 /* Products */ = {
			isa = PBXGroup;
			children = (
				03DE75A01AA04F4400E11176 /* Audio Fuego.app */,
			);
			name = Products;
			sourceTree = "<group>";
		};
		03DE75A21AA04F4400E11176 /* Audio Sequencer */ = {
			isa = PBXGroup;
			children = (
				03DE75A71AA04F4400E11176 /* AppDelegate.h */,
				03DE75A81AA04F4400E11176 /* AppDelegate.m */,
				03DE75AA1AA04F4400E11176 /* ViewController.h */,
				03DE75AB1AA04F4400E11176 /* ViewController.m */,
				0309E8E21AA330340072AC08 /* TimerView.h */,
				0309E8E31AA330350072AC08 /* TimerView.m */,
				03874A611AA32B6900B4D50E /* GridView.h */,
				03874A621AA32B6900B4D50E /* GridView.m */,
				03DE75AD1AA04F4400E11176 /* Main.storyboard */,
				03DE75B21AA04F4400E11176 /* LaunchScreen.xib */,
				03410E161ABCD28B00216DEB /* Images.xcassets */,
				03DE75A31AA04F4400E11176 /* Supporting Files */,
			);
			path = "Audio Sequencer";
			sourceTree = "<group>";
		};
		03DE75A31AA04F4400E11176 /* Supporting Files */ = {
			isa = PBXGroup;
			children = (
				0327D7361ED567D500A639C7 /* Sounds */,
				030A8D0C1AA4516A00107112 /* AppIcon.appiconset */,
				030A8D0D1AA4516A00107112 /* Icon-60.png */,
				030A8D0E1AA4516A00107112 /* Icon-72.png */,
				030A8D0F1AA4516A00107112 /* Icon-72@2x.png */,
				030A8D101AA4516A00107112 /* Icon-Small-50.png */,
				030A8D111AA4516A00107112 /* Icon-Small-50@2x.png */,
				030A8D121AA4516A00107112 /* Icon.png */,
				030A8D131AA4516A00107112 /* Icon@2x.png */,
				030A8D141AA4516A00107112 /* iTunesArtwork.png */,
				030A8D151AA4516A00107112 /* iTunesArtwork@2x.png */,
				03DE75A41AA04F4400E11176 /* Info.plist */,
				03DE75A51AA04F4400E11176 /* main.m */,
			);
			name = "Supporting Files";
			sourceTree = "<group>";
		};
		03DE75BC1AA04F4400E11176 /* Audio SequencerTests */ = {
			isa = PBXGroup;
			children = (
				03DE75BF1AA04F4400E11176 /* Audio_SequencerTests.m */,
				03DE75BD1AA04F4400E11176 /* Supporting Files */,
			);
			path = "Audio SequencerTests";
			sourceTree = "<group>";
		};
		03DE75BD1AA04F4400E11176 /* Supporting Files */ = {
			isa = PBXGroup;
			children = (
				03DE75BE1AA04F4400E11176 /* Info.plist */,
			);
			name = "Supporting Files";
			sourceTree = "<group>";
		};
		3F3EC25D4BB0E9DD0585D7F1 /* Pods */ = {
			isa = PBXGroup;
			children = (
				4CB2EB52ADA5DCBD70780484 /* Pods-Audio Sequencer.debug.xcconfig */,
				E38F3CBB533B55EFB8A4BEBC /* Pods-Audio Sequencer.release.xcconfig */,
				06F7CF0570439D00BED43784 /* Pods-Audio SequencerTests.debug.xcconfig */,
				9A36F9A7BD44B5D17EECBD1C /* Pods-Audio SequencerTests.release.xcconfig */,
			);
			name = Pods;
			sourceTree = "<group>";
		};
		9DB6546A4579A9BA5859881A /* Frameworks */ = {
			isa = PBXGroup;
			children = (
				D505B354CDBC6B93D8F590B7 /* libPods-Audio Sequencer.a */,
				6F13FDD79E3EE351648ED035 /* libPods-Audio SequencerTests.a */,
			);
			name = Frameworks;
			sourceTree = "<group>";
		};
/* End PBXGroup section */

/* Begin PBXNativeTarget section */
		03DE759F1AA04F4400E11176 /* Audio Sequencer */ = {
			isa = PBXNativeTarget;
			buildConfigurationList = 03DE75C31AA04F4400E11176 /* Build configuration list for PBXNativeTarget "Audio Sequencer" */;
			buildPhases = (
				DF6270EE41B7BA800C62E367 /* [CP] Check Pods Manifest.lock */,
				03DE759C1AA04F4400E11176 /* Sources */,
				03DE759D1AA04F4400E11176 /* Frameworks */,
				03DE759E1AA04F4400E11176 /* Resources */,
				059E2A40A5E717FE6105B7ED /* [CP] Embed Pods Frameworks */,
				3E49989985E678BC64A194B9 /* [CP] Copy Pods Resources */,
			);
			buildRules = (
			);
			dependencies = (
			);
			name = "Audio Sequencer";
			productName = "Audio Sequencer";
			productReference = 03DE75A01AA04F4400E11176 /* Audio Fuego.app */;
			productType = "com.apple.product-type.application";
		};
/* End PBXNativeTarget section */

/* Begin PBXProject section */
		03DE75981AA04F4400E11176 /* Project object */ = {
			isa = PBXProject;
			attributes = {
				LastUpgradeCheck = 0610;
				ORGANIZATIONNAME = "Josh Nussbaum";
				TargetAttributes = {
					03DE759F1AA04F4400E11176 = {
						CreatedOnToolsVersion = 6.1.1;
						DevelopmentTeam = B28Q4692N6;
						ProvisioningStyle = Automatic;
					};
				};
			};
			buildConfigurationList = 03DE759B1AA04F4400E11176 /* Build configuration list for PBXProject "Audio Sequencer" */;
			compatibilityVersion = "Xcode 3.2";
			developmentRegion = English;
			hasScannedForEncodings = 0;
			knownRegions = (
				en,
				Base,
			);
			mainGroup = 03DE75971AA04F4400E11176;
			productRefGroup = 03DE75A11AA04F4400E11176 /* Products */;
			projectDirPath = "";
			projectRoot = "";
			targets = (
				03DE759F1AA04F4400E11176 /* Audio Sequencer */,
			);
		};
/* End PBXProject section */

/* Begin PBXResourcesBuildPhase section */
		03DE759E1AA04F4400E11176 /* Resources */ = {
			isa = PBXResourcesBuildPhase;
			buildActionMask = 2147483647;
			files = (
				03F0A2B11ED9607300897DBD /* Shaker 2.wav in Resources */,
				0327D7311ED567CF00A639C7 /* Kick 4.wav in Resources */,
				03F0A2B21ED9607300897DBD /* Snap 2.wav in Resources */,
				0327D72E1ED567CF00A639C7 /* Kick 1.wav in Resources */,
				030A8D171AA4516A00107112 /* Icon-60.png in Resources */,
				0327D7331ED567CF00A639C7 /* Snap 1.wav in Resources */,
				030A8D1E1AA4516A00107112 /* iTunesArtwork.png in Resources */,
				030A8D1D1AA4516A00107112 /* Icon@2x.png in Resources */,
				0327D72B1ED567CF00A639C7 /* Clap 1.wav in Resources */,
				0327D72C1ED567CF00A639C7 /* Hi Hat 1.wav in Resources */,
				03F0A2AF1ED9607300897DBD /* Rim 3.wav in Resources */,
				03DE75AF1AA04F4400E11176 /* Main.storyboard in Resources */,
				030A8D1B1AA4516A00107112 /* Icon-Small-50@2x.png in Resources */,
				0327D7351ED567CF00A639C7 /* Snare 2.wav in Resources */,
				0327D7301ED567CF00A639C7 /* Kick 3.wav in Resources */,
				0327D7341ED567CF00A639C7 /* Snare 1.wav in Resources */,
				030A8D191AA4516A00107112 /* Icon-72@2x.png in Resources */,
				03F0A2B31ED9607300897DBD /* Triangle 1.wav in Resources */,
				03F0A2AD1ED9607300897DBD /* Rim 1.wav in Resources */,
				03F0A2AC1ED9607300897DBD /* Hi Hat 3.wav in Resources */,
				03F0A2B41ED9607300897DBD /* Vox 1.wav in Resources */,
				0327D72D1ED567CF00A639C7 /* Hi Hat 2.wav in Resources */,
				03F0A2AE1ED9607300897DBD /* Rim 2.wav in Resources */,
				030A8D181AA4516A00107112 /* Icon-72.png in Resources */,
				03DE75B41AA04F4400E11176 /* LaunchScreen.xib in Resources */,
				03410E171ABCD28B00216DEB /* Images.xcassets in Resources */,
				030A8D161AA4516A00107112 /* AppIcon.appiconset in Resources */,
				03F0A2B01ED9607300897DBD /* Shaker 1.wav in Resources */,
				0327D72F1ED567CF00A639C7 /* Kick 2.wav in Resources */,
				030A8D1A1AA4516A00107112 /* Icon-Small-50.png in Resources */,
				0327D7321ED567CF00A639C7 /* Open Hat 1.wav in Resources */,
				030A8D1F1AA4516A00107112 /* iTunesArtwork@2x.png in Resources */,
				030A8D1C1AA4516A00107112 /* Icon.png in Resources */,
			);
			runOnlyForDeploymentPostprocessing = 0;
		};
/* End PBXResourcesBuildPhase section */

/* Begin PBXShellScriptBuildPhase section */
		059E2A40A5E717FE6105B7ED /* [CP] Embed Pods Frameworks */ = {
			isa = PBXShellScriptBuildPhase;
			buildActionMask = 2147483647;
			files = (
			);
			inputPaths = (
			);
			name = "[CP] Embed Pods Frameworks";
			outputPaths = (
			);
			runOnlyForDeploymentPostprocessing = 0;
			shellPath = /bin/sh;
			shellScript = "\"${SRCROOT}/Pods/Target Support Files/Pods-Audio Sequencer/Pods-Audio Sequencer-frameworks.sh\"\n";
			showEnvVarsInLog = 0;
		};
		3E49989985E678BC64A194B9 /* [CP] Copy Pods Resources */ = {
			isa = PBXShellScriptBuildPhase;
			buildActionMask = 2147483647;
			files = (
			);
			inputPaths = (
			);
			name = "[CP] Copy Pods Resources";
			outputPaths = (
			);
			runOnlyForDeploymentPostprocessing = 0;
			shellPath = /bin/sh;
			shellScript = "\"${SRCROOT}/Pods/Target Support Files/Pods-Audio Sequencer/Pods-Audio Sequencer-resources.sh\"\n";
			showEnvVarsInLog = 0;
		};
		DF6270EE41B7BA800C62E367 /* [CP] Check Pods Manifest.lock */ = {
			isa = PBXShellScriptBuildPhase;
			buildActionMask = 2147483647;
			files = (
			);
			inputPaths = (
			);
			name = "[CP] Check Pods Manifest.lock";
			outputPaths = (
			);
			runOnlyForDeploymentPostprocessing = 0;
			shellPath = /bin/sh;
			shellScript = "diff \"${PODS_ROOT}/../Podfile.lock\" \"${PODS_ROOT}/Manifest.lock\" > /dev/null\nif [ $? != 0 ] ; then\n    # print error to STDERR\n    echo \"error: The sandbox is not in sync with the Podfile.lock. Run 'pod install' or update your CocoaPods installation.\" >&2\n    exit 1\nfi\n";
			showEnvVarsInLog = 0;
		};
/* End PBXShellScriptBuildPhase section */

/* Begin PBXSourcesBuildPhase section */
		03DE759C1AA04F4400E11176 /* Sources */ = {
			isa = PBXSourcesBuildPhase;
			buildActionMask = 2147483647;
			files = (
				0309E8E41AA330350072AC08 /* TimerView.m in Sources */,
				03DE75AC1AA04F4400E11176 /* ViewController.m in Sources */,
				03DE75A91AA04F4400E11176 /* AppDelegate.m in Sources */,
				03874A631AA32B6900B4D50E /* GridView.m in Sources */,
				03DE75A61AA04F4400E11176 /* main.m in Sources */,
			);
			runOnlyForDeploymentPostprocessing = 0;
		};
/* End PBXSourcesBuildPhase section */

/* Begin PBXVariantGroup section */
		03DE75AD1AA04F4400E11176 /* Main.storyboard */ = {
			isa = PBXVariantGroup;
			children = (
				03DE75AE1AA04F4400E11176 /* Base */,
			);
			name = Main.storyboard;
			sourceTree = "<group>";
		};
		03DE75B21AA04F4400E11176 /* LaunchScreen.xib */ = {
			isa = PBXVariantGroup;
			children = (
				03DE75B31AA04F4400E11176 /* Base */,
			);
			name = LaunchScreen.xib;
			sourceTree = "<group>";
		};
/* End PBXVariantGroup section */

/* Begin XCBuildConfiguration section */
		03DE75C11AA04F4400E11176 /* Debug */ = {
			isa = XCBuildConfiguration;
			buildSettings = {
				ALWAYS_SEARCH_USER_PATHS = NO;
				CLANG_CXX_LANGUAGE_STANDARD = "gnu++0x";
				CLANG_CXX_LIBRARY = "libc++";
				CLANG_ENABLE_MODULES = YES;
				CLANG_ENABLE_OBJC_ARC = YES;
				CLANG_WARN_BOOL_CONVERSION = YES;
				CLANG_WARN_CONSTANT_CONVERSION = YES;
				CLANG_WARN_DIRECT_OBJC_ISA_USAGE = YES_ERROR;
				CLANG_WARN_EMPTY_BODY = YES;
				CLANG_WARN_ENUM_CONVERSION = YES;
				CLANG_WARN_INT_CONVERSION = YES;
				CLANG_WARN_OBJC_ROOT_CLASS = YES_ERROR;
				CLANG_WARN_UNREACHABLE_CODE = YES;
				CLANG_WARN__DUPLICATE_METHOD_MATCH = YES;
				"CODE_SIGN_IDENTITY[sdk=iphoneos*]" = "iPhone Developer";
				COPY_PHASE_STRIP = NO;
				ENABLE_STRICT_OBJC_MSGSEND = YES;
				GCC_C_LANGUAGE_STANDARD = gnu99;
				GCC_DYNAMIC_NO_PIC = NO;
				GCC_OPTIMIZATION_LEVEL = 0;
				GCC_PREPROCESSOR_DEFINITIONS = (
					"DEBUG=1",
					"$(inherited)",
				);
				GCC_SYMBOLS_PRIVATE_EXTERN = NO;
				GCC_WARN_64_TO_32_BIT_CONVERSION = YES;
				GCC_WARN_ABOUT_RETURN_TYPE = YES_ERROR;
				GCC_WARN_UNDECLARED_SELECTOR = YES;
				GCC_WARN_UNINITIALIZED_AUTOS = YES_AGGRESSIVE;
				GCC_WARN_UNUSED_FUNCTION = YES;
				GCC_WARN_UNUSED_VARIABLE = YES;
				IPHONEOS_DEPLOYMENT_TARGET = 4.3;
				MTL_ENABLE_DEBUG_INFO = YES;
				ONLY_ACTIVE_ARCH = YES;
				SDKROOT = iphoneos;
				TARGETED_DEVICE_FAMILY = "1,2";
			};
			name = Debug;
		};
		03DE75C21AA04F4400E11176 /* Release */ = {
			isa = XCBuildConfiguration;
			buildSettings = {
				ALWAYS_SEARCH_USER_PATHS = NO;
				CLANG_CXX_LANGUAGE_STANDARD = "gnu++0x";
				CLANG_CXX_LIBRARY = "libc++";
				CLANG_ENABLE_MODULES = YES;
				CLANG_ENABLE_OBJC_ARC = YES;
				CLANG_WARN_BOOL_CONVERSION = YES;
				CLANG_WARN_CONSTANT_CONVERSION = YES;
				CLANG_WARN_DIRECT_OBJC_ISA_USAGE = YES_ERROR;
				CLANG_WARN_EMPTY_BODY = YES;
				CLANG_WARN_ENUM_CONVERSION = YES;
				CLANG_WARN_INT_CONVERSION = YES;
				CLANG_WARN_OBJC_ROOT_CLASS = YES_ERROR;
				CLANG_WARN_UNREACHABLE_CODE = YES;
				CLANG_WARN__DUPLICATE_METHOD_MATCH = YES;
				"CODE_SIGN_IDENTITY[sdk=iphoneos*]" = "iPhone Developer";
				COPY_PHASE_STRIP = YES;
				ENABLE_NS_ASSERTIONS = NO;
				ENABLE_STRICT_OBJC_MSGSEND = YES;
				GCC_C_LANGUAGE_STANDARD = gnu99;
				GCC_WARN_64_TO_32_BIT_CONVERSION = YES;
				GCC_WARN_ABOUT_RETURN_TYPE = YES_ERROR;
				GCC_WARN_UNDECLARED_SELECTOR = YES;
				GCC_WARN_UNINITIALIZED_AUTOS = YES_AGGRESSIVE;
				GCC_WARN_UNUSED_FUNCTION = YES;
				GCC_WARN_UNUSED_VARIABLE = YES;
				IPHONEOS_DEPLOYMENT_TARGET = 4.3;
				MTL_ENABLE_DEBUG_INFO = NO;
				SDKROOT = iphoneos;
				TARGETED_DEVICE_FAMILY = "1,2";
				VALIDATE_PRODUCT = YES;
			};
			name = Release;
		};
		03DE75C41AA04F4400E11176 /* Debug */ = {
			isa = XCBuildConfiguration;
			baseConfigurationReference = 4CB2EB52ADA5DCBD70780484 /* Pods-Audio Sequencer.debug.xcconfig */;
			buildSettings = {
				ASSETCATALOG_COMPILER_APPICON_NAME = AppIcon;
				CLANG_ENABLE_OBJC_ARC = YES;
				CODE_SIGN_IDENTITY = "iPhone Distribution: Josh  Nussbaum (B28Q4692N6)";
				"CODE_SIGN_IDENTITY[sdk=iphoneos*]" = "iPhone Developer";
				DEVELOPMENT_TEAM = B28Q4692N6;
				FRAMEWORK_SEARCH_PATHS = "$(inherited)";
				INFOPLIST_FILE = "Audio Sequencer/Info.plist";
				IPHONEOS_DEPLOYMENT_TARGET = 10.3;
				LD_RUNPATH_SEARCH_PATHS = "$(inherited) @executable_path/Frameworks";
				PRODUCT_NAME = "Audio Fuego";
				PROVISIONING_PROFILE = "";
				PROVISIONING_PROFILE_SPECIFIER = "";
				TARGETED_DEVICE_FAMILY = 1;
			};
			name = Debug;
		};
		03DE75C51AA04F4400E11176 /* Release */ = {
			isa = XCBuildConfiguration;
			baseConfigurationReference = E38F3CBB533B55EFB8A4BEBC /* Pods-Audio Sequencer.release.xcconfig */;
			buildSettings = {
				ASSETCATALOG_COMPILER_APPICON_NAME = AppIcon;
				CLANG_ENABLE_OBJC_ARC = YES;
				CODE_SIGN_IDENTITY = "iPhone Distribution: Josh  Nussbaum (B28Q4692N6)";
				"CODE_SIGN_IDENTITY[sdk=iphoneos*]" = "iPhone Developer";
				DEVELOPMENT_TEAM = B28Q4692N6;
				FRAMEWORK_SEARCH_PATHS = "$(inherited)";
				INFOPLIST_FILE = "Audio Sequencer/Info.plist";
				IPHONEOS_DEPLOYMENT_TARGET = 10.3;
				LD_RUNPATH_SEARCH_PATHS = "$(inherited) @executable_path/Frameworks";
				PRODUCT_NAME = "Audio Fuego";
				PROVISIONING_PROFILE = "";
				PROVISIONING_PROFILE_SPECIFIER = "";
				TARGETED_DEVICE_FAMILY = 1;
			};
			name = Release;
		};
/* End XCBuildConfiguration section */

/* Begin XCConfigurationList section */
		03DE759B1AA04F4400E11176 /* Build configuration list for PBXProject "Audio Sequencer" */ = {
			isa = XCConfigurationList;
			buildConfigurations = (
				03DE75C11AA04F4400E11176 /* Debug */,
				03DE75C21AA04F4400E11176 /* Release */,
			);
			defaultConfigurationIsVisible = 0;
			defaultConfigurationName = Release;
		};
		03DE75C31AA04F4400E11176 /* Build configuration list for PBXNativeTarget "Audio Sequencer" */ = {
			isa = XCConfigurationList;
			buildConfigurations = (
				03DE75C41AA04F4400E11176 /* Debug */,
				03DE75C51AA04F4400E11176 /* Release */,
			);
			defaultConfigurationIsVisible = 0;
			defaultConfigurationName = Release;
		};
/* End XCConfigurationList section */
	};
	rootObject = 03DE75981AA04F4400E11176 /* Project object */;
}
